
Microsoft Visual Studio Solution File, Format Version 12.00
# Visual Studio 15
Project("{FAE04EC0-301F-11D3-BF4B-00C04F79EFBC}") = "Assembly-CSharp", "Assembly-CSharp.csproj", "{2651F636-8053-1EE2-834D-1D6C45D7C150}"
EndProject
Project("{FAE04EC0-301F-11D3-BF4B-00C04F79EFBC}") = "Assembly-CSharp-firstpass", "Assembly-CSharp-firstpass.csproj", "{C2579306-5ABB-E45E-DBBA-F4ECB334B796}"
EndProject
Project("{FAE04EC0-301F-11D3-BF4B-00C04F79EFBC}") = "Assembly-CSharp-Editor", "Assembly-CSharp-Editor.csproj", "{EE1B29EF-011A-2681-E9A1-7B000D8C3A39}"
EndProject
Global
	GlobalSection(SolutionConfigurationPlatforms) = preSolution
		Debug|Any CPU = Debug|Any CPU
		Release|Any CPU = Release|Any CPU
	EndGlobalSection
	GlobalSection(ProjectConfigurationPlatforms) = postSolution
		{2651F636-8053-1EE2-834D-1D6C45D7C150}.Debug|Any CPU.ActiveCfg = Debug|Any CPU
		{2651F636-8053-1EE2-834D-1D6C45D7C150}.Debug|Any CPU.Build.0 = Debug|Any CPU
		{2651F636-8053-1EE2-834D-1D6C45D7C150}.Release|Any CPU.ActiveCfg = Release|Any CPU
		{2651F636-8053-1EE2-834D-1D6C45D7C150}.Release|Any CPU.Build.0 = Release|Any CPU
		{C2579306-5ABB-E45E-DBBA-F4ECB334B796}.Debug|Any CPU.ActiveCfg = Debug|Any CPU
		{C2579306-5ABB-E45E-DBBA-F4ECB334B796}.Debug|Any CPU.Build.0 = Debug|Any CPU
		{C2579306-5ABB-E45E-DBBA-F4ECB334B796}.Release|Any CPU.ActiveCfg = Release|Any CPU
		{C2579306-5ABB-E45E-DBBA-F4ECB334B796}.Release|Any CPU.Build.0 = Release|Any CPU
		{EE1B29EF-011A-2681-E9A1-7B000D8C3A39}.Debug|Any CPU.ActiveCfg = Debug|Any CPU
		{EE1B29EF-011A-2681-E9A1-7B000D8C3A39}.Debug|Any CPU.Build.0 = Debug|Any CPU
		{EE1B29EF-011A-2681-E9A1-7B000D8C3A39}.Release|Any CPU.ActiveCfg = Release|Any CPU
		{EE1B29EF-011A-2681-E9A1-7B000D8C3A39}.Release|Any CPU.Build.0 = Release|Any CPU
	EndGlobalSection
	GlobalSection(SolutionProperties) = preSolution
		HideSolutionNode = FALSE
	EndGlobalSection
EndGlobal
